
Microsoft Visual Studio Solution File, Format Version 12.00
# Visual Studio Version 17
VisualStudioVersion = 17.5.002.0
MinimumVisualStudioVersion = 10.0.40219.1
Project("{9A19103F-16F7-4668-BE54-9A1E7A4F7556}") = "DemoProductApp", "DemoProductApp.csproj", "{11838654-A74A-46C8-9A41-047273A00B6D}"
EndProject
Global
	GlobalSection(SolutionConfigurationPlatforms) = preSolution
		Debug|Any CPU = Debug|Any CPU
		Release|Any CPU = Release|Any CPU
	EndGlobalSection
	GlobalSection(ProjectConfigurationPlatforms) = postSolution
		{11838654-A74A-46C8-9A41-047273A00B6D}.Debug|Any CPU.ActiveCfg = Debug|Any CPU
		{11838654-A74A-46C8-9A41-047273A00B6D}.Debug|Any CPU.Build.0 = Debug|Any CPU
		{11838654-A74A-46C8-9A41-047273A00B6D}.Release|Any CPU.ActiveCfg = Release|Any CPU
		{11838654-A74A-46C8-9A41-047273A00B6D}.Release|Any CPU.Build.0 = Release|Any CPU
	EndGlobalSection
	GlobalSection(SolutionProperties) = preSolution
		HideSolutionNode = FALSE
	EndGlobalSection
	GlobalSection(ExtensibilityGlobals) = postSolution
		SolutionGuid = {2112518F-F6C2-484C-8A12-8A091EDDF5AF}
	EndGlobalSection
EndGlobal
